
Microsoft Visual Studio Solution File, Format Version 12.00
# Visual Studio Version 17
VisualStudioVersion = 17.1.32407.343
MinimumVisualStudioVersion = 10.0.40219.1
Project("{FAE04EC0-301F-11D3-BF4B-00C04F79EFBC}") = "HamsterWars.Server", "HamsterWars\Server\HamsterWars.Server.csproj", "{309D09EB-9809-418D-BA10-7EC5170AECD9}"
EndProject
Project("{FAE04EC0-301F-11D3-BF4B-00C04F79EFBC}") = "HamsterWars.Client", "HamsterWars\Client\HamsterWars.Client.csproj", "{5CC1E69E-0F0D-4A73-BD7A-1D9E5ADF7B85}"
EndProject
Project("{FAE04EC0-301F-11D3-BF4B-00C04F79EFBC}") = "HamsterWars.Shared", "HamsterWars\Shared\HamsterWars.Shared.csproj", "{42167721-D3CF-4DC3-82DA-A5CCA451902E}"
EndProject
Global
	GlobalSection(SolutionConfigurationPlatforms) = preSolution
		Debug|Any CPU = Debug|Any CPU
		Release|Any CPU = Release|Any CPU
	EndGlobalSection
	GlobalSection(ProjectConfigurationPlatforms) = postSolution
		{309D09EB-9809-418D-BA10-7EC5170AECD9}.Debug|Any CPU.ActiveCfg = Debug|Any CPU
		{309D09EB-9809-418D-BA10-7EC5170AECD9}.Debug|Any CPU.Build.0 = Debug|Any CPU
		{309D09EB-9809-418D-BA10-7EC5170AECD9}.Release|Any CPU.ActiveCfg = Release|Any CPU
		{309D09EB-9809-418D-BA10-7EC5170AECD9}.Release|Any CPU.Build.0 = Release|Any CPU
		{5CC1E69E-0F0D-4A73-BD7A-1D9E5ADF7B85}.Debug|Any CPU.ActiveCfg = Debug|Any CPU
		{5CC1E69E-0F0D-4A73-BD7A-1D9E5ADF7B85}.Debug|Any CPU.Build.0 = Debug|Any CPU
		{5CC1E69E-0F0D-4A73-BD7A-1D9E5ADF7B85}.Release|Any CPU.ActiveCfg = Release|Any CPU
		{5CC1E69E-0F0D-4A73-BD7A-1D9E5ADF7B85}.Release|Any CPU.Build.0 = Release|Any CPU
		{42167721-D3CF-4DC3-82DA-A5CCA451902E}.Debug|Any CPU.ActiveCfg = Debug|Any CPU
		{42167721-D3CF-4DC3-82DA-A5CCA451902E}.Debug|Any CPU.Build.0 = Debug|Any CPU
		{42167721-D3CF-4DC3-82DA-A5CCA451902E}.Release|Any CPU.ActiveCfg = Release|Any CPU
		{42167721-D3CF-4DC3-82DA-A5CCA451902E}.Release|Any CPU.Build.0 = Release|Any CPU
	EndGlobalSection
	GlobalSection(SolutionProperties) = preSolution
		HideSolutionNode = FALSE
	EndGlobalSection
	GlobalSection(ExtensibilityGlobals) = postSolution
		SolutionGuid = {A1C688CE-C17E-4FC1-A2EC-C40B81A1A41E}
	EndGlobalSection
EndGlobal
